
Microsoft Visual Studio Solution File, Format Version 12.00
# Visual Studio Version 17
VisualStudioVersion = 17.0.31903.59
MinimumVisualStudioVersion = 10.0.40219.1
Project("{2150E333-8FDC-42A3-9474-1A3956D46DE8}") = "src", "src", "{3CC5B673-BDE1-4374-824B-5E6A5530B73D}"
EndProject
Project("{2150E333-8FDC-42A3-9474-1A3956D46DE8}") = "AuthService", "AuthService", "{D567D099-19D6-43E9-BCE2-4155E6EEB022}"
EndProject
Project("{FAE04EC0-301F-11D3-BF4B-00C04F79EFBC}") = "AuthService", "src\AuthService\AuthService\AuthService.csproj", "{0ECC511D-6E88-428A-91C4-6AD8639A40CB}"
EndProject
Project("{2150E333-8FDC-42A3-9474-1A3956D46DE8}") = "CampaignService", "CampaignService", "{51F1BE44-E11F-4D14-80E2-6CC6C3CA9AB2}"
EndProject
Project("{FAE04EC0-301F-11D3-BF4B-00C04F79EFBC}") = "CampaignService", "src\CampaignService\CampaignService\CampaignService.csproj", "{1E05B533-B4EB-4B61-ACF3-E149B2F56EAB}"
EndProject
Project("{2150E333-8FDC-42A3-9474-1A3956D46DE8}") = "DonationService", "DonationService", "{B040950F-6C0E-40A2-B1F8-FA049BCA7A07}"
EndProject
Project("{FAE04EC0-301F-11D3-BF4B-00C04F79EFBC}") = "DonationService", "src\DonationService\DonationService\DonationService.csproj", "{3866FE19-CACC-4910-AF67-C68021F96082}"
EndProject
Project("{2150E333-8FDC-42A3-9474-1A3956D46DE8}") = "DonationWorker", "DonationWorker", "{7F74942F-8F06-4A2B-9724-C742B41ABBF1}"
EndProject
Project("{FAE04EC0-301F-11D3-BF4B-00C04F79EFBC}") = "DonationWorker", "src\DonationWorker\DonationWorker\DonationWorker.csproj", "{FB3BD333-A411-49A3-975D-D8E51754EC9C}"
EndProject
Project("{2150E333-8FDC-42A3-9474-1A3956D46DE8}") = "TransparencyService", "TransparencyService", "{0C7F362A-0976-4B8A-A728-C7745302DBE8}"
EndProject
Project("{FAE04EC0-301F-11D3-BF4B-00C04F79EFBC}") = "TransparencyService", "src\TransparencyService\TransparencyService\TransparencyService.csproj", "{6B2C11A1-E24A-4B96-93CC-63F032FAB8FD}"
EndProject
Project("{2150E333-8FDC-42A3-9474-1A3956D46DE8}") = "AuthService.Tests", "AuthService.Tests", "{19627E29-06B8-4119-8D47-5BE991D17FF4}"
EndProject
Project("{FAE04EC0-301F-11D3-BF4B-00C04F79EFBC}") = "AuthService.Tests", "src\AuthService.Tests\AuthService.Tests\AuthService.Tests.csproj", "{79154B50-F564-4121-9F14-F3C1D0E76004}"
EndProject
Project("{2150E333-8FDC-42A3-9474-1A3956D46DE8}") = "CampaignService.Tests", "CampaignService.Tests", "{5568E8D4-BDD5-4613-87BC-E0BB32CBE636}"
EndProject
Project("{FAE04EC0-301F-11D3-BF4B-00C04F79EFBC}") = "CampaignService.Tests", "src\CampaignService.Tests\CampaignService.Tests\CampaignService.Tests.csproj", "{92CABF61-A2EB-482C-BAFA-35E4D7E12255}"
EndProject
Project("{2150E333-8FDC-42A3-9474-1A3956D46DE8}") = "DonationService.Tests", "DonationService.Tests", "{2E7D5C9C-C539-406E-9DC4-37252FEB0D15}"
EndProject
Project("{FAE04EC0-301F-11D3-BF4B-00C04F79EFBC}") = "DonationService.Tests", "src\DonationService.Tests\DonationService.Tests\DonationService.Tests.csproj", "{23CBA32D-31CC-4779-9729-3003D72972BB}"
EndProject
Project("{2150E333-8FDC-42A3-9474-1A3956D46DE8}") = "DonationWorker.Tests", "DonationWorker.Tests", "{96DF867E-541D-42E4-BACC-B43A8FD9E18A}"
EndProject
Project("{FAE04EC0-301F-11D3-BF4B-00C04F79EFBC}") = "DonationWorker.Tests", "src\DonationWorker.Tests\DonationWorker.Tests\DonationWorker.Tests.csproj", "{1BB30A3A-E1F3-40A3-AD78-D1E4415F0B19}"
EndProject
Project("{2150E333-8FDC-42A3-9474-1A3956D46DE8}") = "TransparencyService.Tests", "TransparencyService.Tests", "{337C15D9-2758-41C3-A6BA-58130F8425E5}"
EndProject
Project("{FAE04EC0-301F-11D3-BF4B-00C04F79EFBC}") = "TransparencyService.Tests", "src\TransparencyService.Tests\TransparencyService.Tests\TransparencyService.Tests.csproj", "{C141DD52-71E5-4CC2-BDB9-D2D2AF9B6B2F}"
EndProject
Project("{2150E333-8FDC-42A3-9474-1A3956D46DE8}") = "IntegrationTests", "IntegrationTests", "{D6B48F9A-5738-4F3D-901E-ED529FD67194}"
EndProject
Project("{FAE04EC0-301F-11D3-BF4B-00C04F79EFBC}") = "IntegrationTests", "src\IntegrationTests\IntegrationTests\IntegrationTests.csproj", "{6F353103-D660-496B-9B20-78BAA68C4A9E}"
EndProject
Project("{FAE04EC0-301F-11D3-BF4B-00C04F79EFBC}") = "SharedModels", "src\SharedModels\SharedModels.csproj", "{502FF219-1D0D-40DB-A669-D17C5CF7B5F0}"
EndProject
Global
	GlobalSection(SolutionConfigurationPlatforms) = preSolution
		Debug|Any CPU = Debug|Any CPU
		Release|Any CPU = Release|Any CPU
	EndGlobalSection
	GlobalSection(SolutionProperties) = preSolution
		HideSolutionNode = FALSE
	EndGlobalSection
	GlobalSection(ProjectConfigurationPlatforms) = postSolution
		{0ECC511D-6E88-428A-91C4-6AD8639A40CB}.Debug|Any CPU.ActiveCfg = Debug|Any CPU
		{0ECC511D-6E88-428A-91C4-6AD8639A40CB}.Debug|Any CPU.Build.0 = Debug|Any CPU
		{0ECC511D-6E88-428A-91C4-6AD8639A40CB}.Release|Any CPU.ActiveCfg = Release|Any CPU
		{0ECC511D-6E88-428A-91C4-6AD8639A40CB}.Release|Any CPU.Build.0 = Release|Any CPU
		{1E05B533-B4EB-4B61-ACF3-E149B2F56EAB}.Debug|Any CPU.ActiveCfg = Debug|Any CPU
		{1E05B533-B4EB-4B61-ACF3-E149B2F56EAB}.Debug|Any CPU.Build.0 = Debug|Any CPU
		{1E05B533-B4EB-4B61-ACF3-E149B2F56EAB}.Release|Any CPU.ActiveCfg = Release|Any CPU
		{1E05B533-B4EB-4B61-ACF3-E149B2F56EAB}.Release|Any CPU.Build.0 = Release|Any CPU
		{3866FE19-CACC-4910-AF67-C68021F96082}.Debug|Any CPU.ActiveCfg = Debug|Any CPU
		{3866FE19-CACC-4910-AF67-C68021F96082}.Debug|Any CPU.Build.0 = Debug|Any CPU
		{3866FE19-CACC-4910-AF67-C68021F96082}.Release|Any CPU.ActiveCfg = Release|Any CPU
		{3866FE19-CACC-4910-AF67-C68021F96082}.Release|Any CPU.Build.0 = Release|Any CPU
		{FB3BD333-A411-49A3-975D-D8E51754EC9C}.Debug|Any CPU.ActiveCfg = Debug|Any CPU
		{FB3BD333-A411-49A3-975D-D8E51754EC9C}.Debug|Any CPU.Build.0 = Debug|Any CPU
		{FB3BD333-A411-49A3-975D-D8E51754EC9C}.Release|Any CPU.ActiveCfg = Release|Any CPU
		{FB3BD333-A411-49A3-975D-D8E51754EC9C}.Release|Any CPU.Build.0 = Release|Any CPU
		{6B2C11A1-E24A-4B96-93CC-63F032FAB8FD}.Debug|Any CPU.ActiveCfg = Debug|Any CPU
		{6B2C11A1-E24A-4B96-93CC-63F032FAB8FD}.Debug|Any CPU.Build.0 = Debug|Any CPU
		{6B2C11A1-E24A-4B96-93CC-63F032FAB8FD}.Release|Any CPU.ActiveCfg = Release|Any CPU
		{6B2C11A1-E24A-4B96-93CC-63F032FAB8FD}.Release|Any CPU.Build.0 = Release|Any CPU
		{79154B50-F564-4121-9F14-F3C1D0E76004}.Debug|Any CPU.ActiveCfg = Debug|Any CPU
		{79154B50-F564-4121-9F14-F3C1D0E76004}.Debug|Any CPU.Build.0 = Debug|Any CPU
		{79154B50-F564-4121-9F14-F3C1D0E76004}.Release|Any CPU.ActiveCfg = Release|Any CPU
		{79154B50-F564-4121-9F14-F3C1D0E76004}.Release|Any CPU.Build.0 = Release|Any CPU
		{92CABF61-A2EB-482C-BAFA-35E4D7E12255}.Debug|Any CPU.ActiveCfg = Debug|Any CPU
		{92CABF61-A2EB-482C-BAFA-35E4D7E12255}.Debug|Any CPU.Build.0 = Debug|Any CPU
		{92CABF61-A2EB-482C-BAFA-35E4D7E12255}.Release|Any CPU.ActiveCfg = Release|Any CPU
		{92CABF61-A2EB-482C-BAFA-35E4D7E12255}.Release|Any CPU.Build.0 = Release|Any CPU
		{23CBA32D-31CC-4779-9729-3003D72972BB}.Debug|Any CPU.ActiveCfg = Debug|Any CPU
		{23CBA32D-31CC-4779-9729-3003D72972BB}.Debug|Any CPU.Build.0 = Debug|Any CPU
		{23CBA32D-31CC-4779-9729-3003D72972BB}.Release|Any CPU.ActiveCfg = Release|Any CPU
		{23CBA32D-31CC-4779-9729-3003D72972BB}.Release|Any CPU.Build.0 = Release|Any CPU
		{1BB30A3A-E1F3-40A3-AD78-D1E4415F0B19}.Debug|Any CPU.ActiveCfg = Debug|Any CPU
		{1BB30A3A-E1F3-40A3-AD78-D1E4415F0B19}.Debug|Any CPU.Build.0 = Debug|Any CPU
		{1BB30A3A-E1F3-40A3-AD78-D1E4415F0B19}.Release|Any CPU.ActiveCfg = Release|Any CPU
		{1BB30A3A-E1F3-40A3-AD78-D1E4415F0B19}.Release|Any CPU.Build.0 = Release|Any CPU
		{C141DD52-71E5-4CC2-BDB9-D2D2AF9B6B2F}.Debug|Any CPU.ActiveCfg = Debug|Any CPU
		{C141DD52-71E5-4CC2-BDB9-D2D2AF9B6B2F}.Debug|Any CPU.Build.0 = Debug|Any CPU
		{C141DD52-71E5-4CC2-BDB9-D2D2AF9B6B2F}.Release|Any CPU.ActiveCfg = Release|Any CPU
		{C141DD52-71E5-4CC2-BDB9-D2D2AF9B6B2F}.Release|Any CPU.Build.0 = Release|Any CPU
		{6F353103-D660-496B-9B20-78BAA68C4A9E}.Debug|Any CPU.ActiveCfg = Debug|Any CPU
		{6F353103-D660-496B-9B20-78BAA68C4A9E}.Debug|Any CPU.Build.0 = Debug|Any CPU
		{6F353103-D660-496B-9B20-78BAA68C4A9E}.Release|Any CPU.ActiveCfg = Release|Any CPU
		{6F353103-D660-496B-9B20-78BAA68C4A9E}.Release|Any CPU.Build.0 = Release|Any CPU
		{502FF219-1D0D-40DB-A669-D17C5CF7B5F0}.Debug|Any CPU.ActiveCfg = Debug|Any CPU
		{502FF219-1D0D-40DB-A669-D17C5CF7B5F0}.Debug|Any CPU.Build.0 = Debug|Any CPU
		{502FF219-1D0D-40DB-A669-D17C5CF7B5F0}.Release|Any CPU.ActiveCfg = Release|Any CPU
		{502FF219-1D0D-40DB-A669-D17C5CF7B5F0}.Release|Any CPU.Build.0 = Release|Any CPU
	EndGlobalSection
	GlobalSection(NestedProjects) = preSolution
		{D567D099-19D6-43E9-BCE2-4155E6EEB022} = {3CC5B673-BDE1-4374-824B-5E6A5530B73D}
		{0ECC511D-6E88-428A-91C4-6AD8639A40CB} = {D567D099-19D6-43E9-BCE2-4155E6EEB022}
		{51F1BE44-E11F-4D14-80E2-6CC6C3CA9AB2} = {3CC5B673-BDE1-4374-824B-5E6A5530B73D}
		{1E05B533-B4EB-4B61-ACF3-E149B2F56EAB} = {51F1BE44-E11F-4D14-80E2-6CC6C3CA9AB2}
		{B040950F-6C0E-40A2-B1F8-FA049BCA7A07} = {3CC5B673-BDE1-4374-824B-5E6A5530B73D}
		{3866FE19-CACC-4910-AF67-C68021F96082} = {B040950F-6C0E-40A2-B1F8-FA049BCA7A07}
		{7F74942F-8F06-4A2B-9724-C742B41ABBF1} = {3CC5B673-BDE1-4374-824B-5E6A5530B73D}
		{FB3BD333-A411-49A3-975D-D8E51754EC9C} = {7F74942F-8F06-4A2B-9724-C742B41ABBF1}
		{0C7F362A-0976-4B8A-A728-C7745302DBE8} = {3CC5B673-BDE1-4374-824B-5E6A5530B73D}
		{6B2C11A1-E24A-4B96-93CC-63F032FAB8FD} = {0C7F362A-0976-4B8A-A728-C7745302DBE8}
		{19627E29-06B8-4119-8D47-5BE991D17FF4} = {3CC5B673-BDE1-4374-824B-5E6A5530B73D}
		{79154B50-F564-4121-9F14-F3C1D0E76004} = {19627E29-06B8-4119-8D47-5BE991D17FF4}
		{5568E8D4-BDD5-4613-87BC-E0BB32CBE636} = {3CC5B673-BDE1-4374-824B-5E6A5530B73D}
		{92CABF61-A2EB-482C-BAFA-35E4D7E12255} = {5568E8D4-BDD5-4613-87BC-E0BB32CBE636}
		{2E7D5C9C-C539-406E-9DC4-37252FEB0D15} = {3CC5B673-BDE1-4374-824B-5E6A5530B73D}
		{23CBA32D-31CC-4779-9729-3003D72972BB} = {2E7D5C9C-C539-406E-9DC4-37252FEB0D15}
		{96DF867E-541D-42E4-BACC-B43A8FD9E18A} = {3CC5B673-BDE1-4374-824B-5E6A5530B73D}
		{1BB30A3A-E1F3-40A3-AD78-D1E4415F0B19} = {96DF867E-541D-42E4-BACC-B43A8FD9E18A}
		{337C15D9-2758-41C3-A6BA-58130F8425E5} = {3CC5B673-BDE1-4374-824B-5E6A5530B73D}
		{C141DD52-71E5-4CC2-BDB9-D2D2AF9B6B2F} = {337C15D9-2758-41C3-A6BA-58130F8425E5}
		{D6B48F9A-5738-4F3D-901E-ED529FD67194} = {3CC5B673-BDE1-4374-824B-5E6A5530B73D}
		{6F353103-D660-496B-9B20-78BAA68C4A9E} = {D6B48F9A-5738-4F3D-901E-ED529FD67194}
		{502FF219-1D0D-40DB-A669-D17C5CF7B5F0} = {3CC5B673-BDE1-4374-824B-5E6A5530B73D}
	EndGlobalSection
EndGlobal
